
Microsoft Visual Studio Solution File, Format Version 12.00
# Visual Studio Version 17
VisualStudioVersion = 17.13.35931.197
MinimumVisualStudioVersion = 10.0.40219.1
Project("{FAE04EC0-301F-11D3-BF4B-00C04F79EFBC}") = "EasySaveV1", "src\EasySaveV1\EasySaveV1.csproj", "{4213CBA2-8ED3-494D-A433-E8C429FF1C2F}"
EndProject
Project("{FAE04EC0-301F-11D3-BF4B-00C04F79EFBC}") = "EasySaveV2", "src\EasySaveV2\EasySaveV2.csproj", "{C5E350CA-1FEC-3068-14FE-251138D87515}"
EndProject
Project("{FAE04EC0-301F-11D3-BF4B-00C04F79EFBC}") = "Core", "src\Core\Core.csproj", "{2F41AEE6-7898-46BB-B064-F2A6F4448F87}"
EndProject
Project("{FAE04EC0-301F-11D3-BF4B-00C04F79EFBC}") = "Unit-Tests", "tests\Unit-Tests\Unit-Tests.csproj", "{32552FDA-14F7-43E6-A8CC-A542B595D1C8}"
EndProject
Global
	GlobalSection(SolutionConfigurationPlatforms) = preSolution
		Debug|Any CPU = Debug|Any CPU
		Debug|x64 = Debug|x64
		Debug|x86 = Debug|x86
		Release|Any CPU = Release|Any CPU
		Release|x64 = Release|x64
		Release|x86 = Release|x86
	EndGlobalSection
	GlobalSection(ProjectConfigurationPlatforms) = postSolution
		{4213CBA2-8ED3-494D-A433-E8C429FF1C2F}.Debug|Any CPU.ActiveCfg = Debug|Any CPU
		{4213CBA2-8ED3-494D-A433-E8C429FF1C2F}.Debug|Any CPU.Build.0 = Debug|Any CPU
		{4213CBA2-8ED3-494D-A433-E8C429FF1C2F}.Debug|x64.ActiveCfg = Debug|Any CPU
		{4213CBA2-8ED3-494D-A433-E8C429FF1C2F}.Debug|x64.Build.0 = Debug|Any CPU
		{4213CBA2-8ED3-494D-A433-E8C429FF1C2F}.Debug|x86.ActiveCfg = Debug|Any CPU
		{4213CBA2-8ED3-494D-A433-E8C429FF1C2F}.Debug|x86.Build.0 = Debug|Any CPU
		{4213CBA2-8ED3-494D-A433-E8C429FF1C2F}.Release|Any CPU.ActiveCfg = Release|Any CPU
		{4213CBA2-8ED3-494D-A433-E8C429FF1C2F}.Release|Any CPU.Build.0 = Release|Any CPU
		{4213CBA2-8ED3-494D-A433-E8C429FF1C2F}.Release|x64.ActiveCfg = Release|Any CPU
		{4213CBA2-8ED3-494D-A433-E8C429FF1C2F}.Release|x64.Build.0 = Release|Any CPU
		{4213CBA2-8ED3-494D-A433-E8C429FF1C2F}.Release|x86.ActiveCfg = Release|Any CPU
		{4213CBA2-8ED3-494D-A433-E8C429FF1C2F}.Release|x86.Build.0 = Release|Any CPU
		{C5E350CA-1FEC-3068-14FE-251138D87515}.Debug|Any CPU.ActiveCfg = Debug|Any CPU
		{C5E350CA-1FEC-3068-14FE-251138D87515}.Debug|Any CPU.Build.0 = Debug|Any CPU
		{C5E350CA-1FEC-3068-14FE-251138D87515}.Debug|x64.ActiveCfg = Debug|Any CPU
		{C5E350CA-1FEC-3068-14FE-251138D87515}.Debug|x64.Build.0 = Debug|Any CPU
		{C5E350CA-1FEC-3068-14FE-251138D87515}.Debug|x86.ActiveCfg = Debug|Any CPU
		{C5E350CA-1FEC-3068-14FE-251138D87515}.Debug|x86.Build.0 = Debug|Any CPU
		{C5E350CA-1FEC-3068-14FE-251138D87515}.Release|Any CPU.ActiveCfg = Release|Any CPU
		{C5E350CA-1FEC-3068-14FE-251138D87515}.Release|Any CPU.Build.0 = Release|Any CPU
		{C5E350CA-1FEC-3068-14FE-251138D87515}.Release|x64.ActiveCfg = Release|Any CPU
		{C5E350CA-1FEC-3068-14FE-251138D87515}.Release|x64.Build.0 = Release|Any CPU
		{C5E350CA-1FEC-3068-14FE-251138D87515}.Release|x86.ActiveCfg = Release|Any CPU
		{C5E350CA-1FEC-3068-14FE-251138D87515}.Release|x86.Build.0 = Release|Any CPU
		{2F41AEE6-7898-46BB-B064-F2A6F4448F87}.Debug|Any CPU.ActiveCfg = Debug|Any CPU
		{2F41AEE6-7898-46BB-B064-F2A6F4448F87}.Debug|Any CPU.Build.0 = Debug|Any CPU
		{2F41AEE6-7898-46BB-B064-F2A6F4448F87}.Debug|x64.ActiveCfg = Debug|Any CPU
		{2F41AEE6-7898-46BB-B064-F2A6F4448F87}.Debug|x64.Build.0 = Debug|Any CPU
		{2F41AEE6-7898-46BB-B064-F2A6F4448F87}.Debug|x86.ActiveCfg = Debug|Any CPU
		{2F41AEE6-7898-46BB-B064-F2A6F4448F87}.Debug|x86.Build.0 = Debug|Any CPU
		{2F41AEE6-7898-46BB-B064-F2A6F4448F87}.Release|Any CPU.ActiveCfg = Release|Any CPU
		{2F41AEE6-7898-46BB-B064-F2A6F4448F87}.Release|Any CPU.Build.0 = Release|Any CPU
		{2F41AEE6-7898-46BB-B064-F2A6F4448F87}.Release|x64.ActiveCfg = Release|Any CPU
		{2F41AEE6-7898-46BB-B064-F2A6F4448F87}.Release|x64.Build.0 = Release|Any CPU
		{2F41AEE6-7898-46BB-B064-F2A6F4448F87}.Release|x86.ActiveCfg = Release|Any CPU
		{2F41AEE6-7898-46BB-B064-F2A6F4448F87}.Release|x86.Build.0 = Release|Any CPU
		{32552FDA-14F7-43E6-A8CC-A542B595D1C8}.Debug|Any CPU.ActiveCfg = Debug|Any CPU
		{32552FDA-14F7-43E6-A8CC-A542B595D1C8}.Debug|Any CPU.Build.0 = Debug|Any CPU
		{32552FDA-14F7-43E6-A8CC-A542B595D1C8}.Debug|x64.ActiveCfg = Debug|Any CPU
		{32552FDA-14F7-43E6-A8CC-A542B595D1C8}.Debug|x64.Build.0 = Debug|Any CPU
		{32552FDA-14F7-43E6-A8CC-A542B595D1C8}.Debug|x86.ActiveCfg = Debug|Any CPU
		{32552FDA-14F7-43E6-A8CC-A542B595D1C8}.Debug|x86.Build.0 = Debug|Any CPU
		{32552FDA-14F7-43E6-A8CC-A542B595D1C8}.Release|Any CPU.ActiveCfg = Release|Any CPU
		{32552FDA-14F7-43E6-A8CC-A542B595D1C8}.Release|Any CPU.Build.0 = Release|Any CPU
		{32552FDA-14F7-43E6-A8CC-A542B595D1C8}.Release|x64.ActiveCfg = Release|Any CPU
		{32552FDA-14F7-43E6-A8CC-A542B595D1C8}.Release|x64.Build.0 = Release|Any CPU
		{32552FDA-14F7-43E6-A8CC-A542B595D1C8}.Release|x86.ActiveCfg = Release|Any CPU
		{32552FDA-14F7-43E6-A8CC-A542B595D1C8}.Release|x86.Build.0 = Release|Any CPU
	EndGlobalSection
	GlobalSection(SolutionProperties) = preSolution
		HideSolutionNode = FALSE
	EndGlobalSection
	GlobalSection(ExtensibilityGlobals) = postSolution
		SolutionGuid = {C05B85D3-BC0A-4D57-A395-16ADC964B74E}
	EndGlobalSection
EndGlobal
